
Microsoft Visual Studio Solution File, Format Version 12.00
# Visual Studio Version 17
VisualStudioVersion = 17.12.35527.113 d17.12
MinimumVisualStudioVersion = 10.0.40219.1
Project("{2150E333-8FDC-42A3-9474-1A3956D46DE8}") = "FrontEnd", "FrontEnd", "{F0F7BFBB-BDA8-4215-82A2-9EBE7C0054C0}"
EndProject
Project("{2150E333-8FDC-42A3-9474-1A3956D46DE8}") = "Gateway", "Gateway", "{7AFE5246-193B-420E-9CA6-F4C7F3DF0271}"
EndProject
Project("{2150E333-8FDC-42A3-9474-1A3956D46DE8}") = "integration", "integration", "{A552945E-726E-4B4F-B052-3702C50B1891}"
EndProject
Project("{2150E333-8FDC-42A3-9474-1A3956D46DE8}") = "services", "services", "{53F31210-35D3-4831-AA56-C7193A713435}"
EndProject
Project("{FAE04EC0-301F-11D3-BF4B-00C04F79EFBC}") = "Mango.Services.CouponApi", "..\Mango.Services.CouponApi\Mango.Services.CouponApi.csproj", "{A9E53FF1-86F8-4BAC-A164-434A194798F0}"
EndProject
Global
	GlobalSection(SolutionConfigurationPlatforms) = preSolution
		Debug|Any CPU = Debug|Any CPU
		Release|Any CPU = Release|Any CPU
	EndGlobalSection
	GlobalSection(ProjectConfigurationPlatforms) = postSolution
		{A9E53FF1-86F8-4BAC-A164-434A194798F0}.Debug|Any CPU.ActiveCfg = Debug|Any CPU
		{A9E53FF1-86F8-4BAC-A164-434A194798F0}.Debug|Any CPU.Build.0 = Debug|Any CPU
		{A9E53FF1-86F8-4BAC-A164-434A194798F0}.Release|Any CPU.ActiveCfg = Release|Any CPU
		{A9E53FF1-86F8-4BAC-A164-434A194798F0}.Release|Any CPU.Build.0 = Release|Any CPU
	EndGlobalSection
	GlobalSection(SolutionProperties) = preSolution
		HideSolutionNode = FALSE
	EndGlobalSection
	GlobalSection(NestedProjects) = preSolution
		{A9E53FF1-86F8-4BAC-A164-434A194798F0} = {53F31210-35D3-4831-AA56-C7193A713435}
	EndGlobalSection
EndGlobal
